
Microsoft Visual Studio Solution File, Format Version 12.00
# Visual Studio 15
VisualStudioVersion = 15.0.27004.2005
MinimumVisualStudioVersion = 10.0.40219.1
Project("{9A19103F-16F7-4668-BE54-9A1E7A4F7556}") = "bBridgeAPISDKNETCore", "bBridgeAPISDKNETCore\bBridgeAPISDKNETCore.csproj", "{192708A3-DC71-472F-96D2-4ABA56696153}"
EndProject
Project("{9A19103F-16F7-4668-BE54-9A1E7A4F7556}") = "bBridgeAPISDKNETCore.Test", "bBridgeAPISDKNETCore.Test\bBridgeAPISDKNETCore.Test.csproj", "{5E20E497-2234-490C-B56F-4B1CAC3CF88D}"
EndProject
Global
	GlobalSection(SolutionConfigurationPlatforms) = preSolution
		Debug|Any CPU = Debug|Any CPU
		Release|Any CPU = Release|Any CPU
	EndGlobalSection
	GlobalSection(ProjectConfigurationPlatforms) = postSolution
		{192708A3-DC71-472F-96D2-4ABA56696153}.Debug|Any CPU.ActiveCfg = Debug|Any CPU
		{192708A3-DC71-472F-96D2-4ABA56696153}.Debug|Any CPU.Build.0 = Debug|Any CPU
		{192708A3-DC71-472F-96D2-4ABA56696153}.Release|Any CPU.ActiveCfg = Release|Any CPU
		{192708A3-DC71-472F-96D2-4ABA56696153}.Release|Any CPU.Build.0 = Release|Any CPU
		{5E20E497-2234-490C-B56F-4B1CAC3CF88D}.Debug|Any CPU.ActiveCfg = Debug|Any CPU
		{5E20E497-2234-490C-B56F-4B1CAC3CF88D}.Debug|Any CPU.Build.0 = Debug|Any CPU
		{5E20E497-2234-490C-B56F-4B1CAC3CF88D}.Release|Any CPU.ActiveCfg = Release|Any CPU
		{5E20E497-2234-490C-B56F-4B1CAC3CF88D}.Release|Any CPU.Build.0 = Release|Any CPU
	EndGlobalSection
	GlobalSection(SolutionProperties) = preSolution
		HideSolutionNode = FALSE
	EndGlobalSection
	GlobalSection(ExtensibilityGlobals) = postSolution
		SolutionGuid = {9F7CF001-FA03-42AC-993C-49A3AB3F850D}
	EndGlobalSection
EndGlobal
